// !$*UTF8*$!
{
	archiveVersion = 1;
	classes = {
	};
	objectVersion = 46;
	objects = {

/* Begin PBXBuildFile section */
		8C5C951B178A3E1D00A0F42A /* UIKit.framework in Frameworks */ = {isa = PBXBuildFile; fileRef = 8C5C951A178A3E1D00A0F42A /* UIKit.framework */; };
		8C5C951D178A3E1D00A0F42A /* Foundation.framework in Frameworks */ = {isa = PBXBuildFile; fileRef = 8C5C951C178A3E1D00A0F42A /* Foundation.framework */; };
		8C5C951F178A3E1D00A0F42A /* CoreGraphics.framework in Frameworks */ = {isa = PBXBuildFile; fileRef = 8C5C951E178A3E1D00A0F42A /* CoreGraphics.framework */; };
		8C5C953F178A3E1D00A0F42A /* SenTestingKit.framework in Frameworks */ = {isa = PBXBuildFile; fileRef = 8C5C953E178A3E1D00A0F42A /* SenTestingKit.framework */; };
		8C5C9540178A3E1D00A0F42A /* UIKit.framework in Frameworks */ = {isa = PBXBuildFile; fileRef = 8C5C951A178A3E1D00A0F42A /* UIKit.framework */; };
		8C5C9541178A3E1D00A0F42A /* Foundation.framework in Frameworks */ = {isa = PBXBuildFile; fileRef = 8C5C951C178A3E1D00A0F42A /* Foundation.framework */; };
		8C5C9549178A3E1D00A0F42A /* InfoPlist.strings in Resources */ = {isa = PBXBuildFile; fileRef = 8C5C9547178A3E1D00A0F42A /* InfoPlist.strings */; };
		8C5C954C178A3E1D00A0F42A /* CardsTests.m in Sources */ = {isa = PBXBuildFile; fileRef = 8C5C954B178A3E1D00A0F42A /* CardsTests.m */; };
		8CC5AA10178AE17E00A83391 /* AppDelegate.m in Sources */ = {isa = PBXBuildFile; fileRef = 8CC5AA02178AE17E00A83391 /* AppDelegate.m */; };
		8CC5AA11178AE17E00A83391 /* BViewController.m in Sources */ = {isa = PBXBuildFile; fileRef = 8CC5AA04178AE17E00A83391 /* BViewController.m */; };
		8CC5AA12178AE17E00A83391 /* BViewController.xib in Resources */ = {isa = PBXBuildFile; fileRef = 8CC5AA05178AE17E00A83391 /* BViewController.xib */; };
		8CC5AA14178AE17E00A83391 /* Default-568h@2x.png in Resources */ = {isa = PBXBuildFile; fileRef = 8CC5AA08178AE17E00A83391 /* Default-568h@2x.png */; };
		8CC5AA15178AE17E00A83391 /* Default.png in Resources */ = {isa = PBXBuildFile; fileRef = 8CC5AA09178AE17E00A83391 /* Default.png */; };
		8CC5AA16178AE17E00A83391 /* Default@2x.png in Resources */ = {isa = PBXBuildFile; fileRef = 8CC5AA0A178AE17E00A83391 /* Default@2x.png */; };
		8CC5AA17178AE17E00A83391 /* InfoPlist.strings in Resources */ = {isa = PBXBuildFile; fileRef = 8CC5AA0B178AE17E00A83391 /* InfoPlist.strings */; };
		8CC5AA18178AE17E00A83391 /* main.m in Sources */ = {isa = PBXBuildFile; fileRef = 8CC5AA0D178AE17E00A83391 /* main.m */; };
		8CC5AA19178AE17E00A83391 /* SampleViewController.m in Sources */ = {isa = PBXBuildFile; fileRef = 8CC5AA0F178AE17E00A83391 /* SampleViewController.m */; };
		8CC5AA1F178AE18C00A83391 /* JTCardLayout.m in Sources */ = {isa = PBXBuildFile; fileRef = 8CC5AA1C178AE18C00A83391 /* JTCardLayout.m */; };
		8CC5AA20178AE18C00A83391 /* JTCardsViewController.m in Sources */ = {isa = PBXBuildFile; fileRef = 8CC5AA1E178AE18C00A83391 /* JTCardsViewController.m */; };
/* End PBXBuildFile section */

/* Begin PBXContainerItemProxy section */
		8C5C9542178A3E1D00A0F42A /* PBXContainerItemProxy */ = {
			isa = PBXContainerItemProxy;
			containerPortal = 8C5C950F178A3E1D00A0F42A /* Project object */;
			proxyType = 1;
			remoteGlobalIDString = 8C5C9516178A3E1D00A0F42A;
			remoteInfo = Cards;
		};
/* End PBXContainerItemProxy section */

/* Begin PBXFileReference section */
		8C5C9517178A3E1D00A0F42A /* Cards.app */ = {isa = PBXFileReference; explicitFileType = wrapper.application; includeInIndex = 0; path = Cards.app; sourceTree = BUILT_PRODUCTS_DIR; };
		8C5C951A178A3E1D00A0F42A /* UIKit.framework */ = {isa = PBXFileReference; lastKnownFileType = wrapper.framework; name = UIKit.framework; path = System/Library/Frameworks/UIKit.framework; sourceTree = SDKROOT; };
		8C5C951C178A3E1D00A0F42A /* Foundation.framework */ = {isa = PBXFileReference; lastKnownFileType = wrapper.framework; name = Foundation.framework; path = System/Library/Frameworks/Foundation.framework; sourceTree = SDKROOT; };
		8C5C951E178A3E1D00A0F42A /* CoreGraphics.framework */ = {isa = PBXFileReference; lastKnownFileType = wrapper.framework; name = CoreGraphics.framework; path = System/Library/Frameworks/CoreGraphics.framework; sourceTree = SDKROOT; };
		8C5C953D178A3E1D00A0F42A /* CardsTests.octest */ = {isa = PBXFileReference; explicitFileType = wrapper.cfbundle; includeInIndex = 0; path = CardsTests.octest; sourceTree = BUILT_PRODUCTS_DIR; };
		8C5C953E178A3E1D00A0F42A /* SenTestingKit.framework */ = {isa = PBXFileReference; lastKnownFileType = wrapper.framework; name = SenTestingKit.framework; path = Library/Frameworks/SenTestingKit.framework; sourceTree = DEVELOPER_DIR; };
		8C5C9546178A3E1D00A0F42A /* CardsTests-Info.plist */ = {isa = PBXFileReference; lastKnownFileType = text.plist.xml; path = "CardsTests-Info.plist"; sourceTree = "<group>"; };
		8C5C9548178A3E1D00A0F42A /* en */ = {isa = PBXFileReference; lastKnownFileType = text.plist.strings; name = en; path = en.lproj/InfoPlist.strings; sourceTree = "<group>"; };
		8C5C954A178A3E1D00A0F42A /* CardsTests.h */ = {isa = PBXFileReference; lastKnownFileType = sourcecode.c.h; path = CardsTests.h; sourceTree = "<group>"; };
		8C5C954B178A3E1D00A0F42A /* CardsTests.m */ = {isa = PBXFileReference; lastKnownFileType = sourcecode.c.objc; path = CardsTests.m; sourceTree = "<group>"; };
		8CC5AA01178AE17E00A83391 /* AppDelegate.h */ = {isa = PBXFileReference; fileEncoding = 4; lastKnownFileType = sourcecode.c.h; path = AppDelegate.h; sourceTree = "<group>"; };
		8CC5AA02178AE17E00A83391 /* AppDelegate.m */ = {isa = PBXFileReference; fileEncoding = 4; lastKnownFileType = sourcecode.c.objc; path = AppDelegate.m; sourceTree = "<group>"; };
		8CC5AA03178AE17E00A83391 /* BViewController.h */ = {isa = PBXFileReference; fileEncoding = 4; lastKnownFileType = sourcecode.c.h; path = BViewController.h; sourceTree = "<group>"; };
		8CC5AA04178AE17E00A83391 /* BViewController.m */ = {isa = PBXFileReference; fileEncoding = 4; lastKnownFileType = sourcecode.c.objc; path = BViewController.m; sourceTree = "<group>"; };
		8CC5AA05178AE17E00A83391 /* BViewController.xib */ = {isa = PBXFileReference; fileEncoding = 4; lastKnownFileType = file.xib; path = BViewController.xib; sourceTree = "<group>"; };
		8CC5AA06178AE17E00A83391 /* Cards-Info.plist */ = {isa = PBXFileReference; fileEncoding = 4; lastKnownFileType = text.plist.xml; path = "Cards-Info.plist"; sourceTree = "<group>"; };
		8CC5AA07178AE17E00A83391 /* Cards-Prefix.pch */ = {isa = PBXFileReference; fileEncoding = 4; lastKnownFileType = sourcecode.c.h; path = "Cards-Prefix.pch"; sourceTree = "<group>"; };
		8CC5AA08178AE17E00A83391 /* Default-568h@2x.png */ = {isa = PBXFileReference; lastKnownFileType = image.png; path = "Default-568h@2x.png"; sourceTree = "<group>"; };
		8CC5AA09178AE17E00A83391 /* Default.png */ = {isa = PBXFileReference; lastKnownFileType = image.png; path = Default.png; sourceTree = "<group>"; };
		8CC5AA0A178AE17E00A83391 /* Default@2x.png */ = {isa = PBXFileReference; lastKnownFileType = image.png; path = "Default@2x.png"; sourceTree = "<group>"; };
		8CC5AA0C178AE17E00A83391 /* en */ = {isa = PBXFileReference; lastKnownFileType = text.plist.strings; name = en; path = en.lproj/InfoPlist.strings; sourceTree = "<group>"; };
		8CC5AA0D178AE17E00A83391 /* main.m */ = {isa = PBXFileReference; fileEncoding = 4; lastKnownFileType = sourcecode.c.objc; path = main.m; sourceTree = "<group>"; };
		8CC5AA0E178AE17E00A83391 /* SampleViewController.h */ = {isa = PBXFileReference; fileEncoding = 4; lastKnownFileType = sourcecode.c.h; path = SampleViewController.h; sourceTree = "<group>"; };
		8CC5AA0F178AE17E00A83391 /* SampleViewController.m */ = {isa = PBXFileReference; fileEncoding = 4; lastKnownFileType = sourcecode.c.objc; path = SampleViewController.m; sourceTree = "<group>"; };
		8CC5AA1B178AE18C00A83391 /* JTCardLayout.h */ = {isa = PBXFileReference; fileEncoding = 4; lastKnownFileType = sourcecode.c.h; path = JTCardLayout.h; sourceTree = "<group>"; };
		8CC5AA1C178AE18C00A83391 /* JTCardLayout.m */ = {isa = PBXFileReference; fileEncoding = 4; lastKnownFileType = sourcecode.c.objc; path = JTCardLayout.m; sourceTree = "<group>"; };
		8CC5AA1D178AE18C00A83391 /* JTCardsViewController.h */ = {isa = PBXFileReference; fileEncoding = 4; lastKnownFileType = sourcecode.c.h; path = JTCardsViewController.h; sourceTree = "<group>"; };
		8CC5AA1E178AE18C00A83391 /* JTCardsViewController.m */ = {isa = PBXFileReference; fileEncoding = 4; lastKnownFileType = sourcecode.c.objc; path = JTCardsViewController.m; sourceTree = "<group>"; };
/* End PBXFileReference section */

/* Begin PBXFrameworksBuildPhase section */
		8C5C9514178A3E1D00A0F42A /* Frameworks */ = {
			isa = PBXFrameworksBuildPhase;
			buildActionMask = 2147483647;
			files = (
				8C5C951B178A3E1D00A0F42A /* UIKit.framework in Frameworks */,
				8C5C951D178A3E1D00A0F42A /* Foundation.framework in Frameworks */,
				8C5C951F178A3E1D00A0F42A /* CoreGraphics.framework in Frameworks */,
			);
			runOnlyForDeploymentPostprocessing = 0;
		};
		8C5C9539178A3E1D00A0F42A /* Frameworks */ = {
			isa = PBXFrameworksBuildPhase;
			buildActionMask = 2147483647;
			files = (
				8C5C953F178A3E1D00A0F42A /* SenTestingKit.framework in Frameworks */,
				8C5C9540178A3E1D00A0F42A /* UIKit.framework in Frameworks */,
				8C5C9541178A3E1D00A0F42A /* Foundation.framework in Frameworks */,
			);
			runOnlyForDeploymentPostprocessing = 0;
		};
/* End PBXFrameworksBuildPhase section */

/* Begin PBXGroup section */
		8C5C950E178A3E1D00A0F42A = {
			isa = PBXGroup;
			children = (
				8CC5AA1A178AE18C00A83391 /* Cards */,
				8CC5AA00178AE17E00A83391 /* Example */,
				8C5C9544178A3E1D00A0F42A /* CardsTests */,
				8C5C9519178A3E1D00A0F42A /* Frameworks */,
				8C5C9518178A3E1D00A0F42A /* Products */,
			);
			sourceTree = "<group>";
		};
		8C5C9518178A3E1D00A0F42A /* Products */ = {
			isa = PBXGroup;
			children = (
				8C5C9517178A3E1D00A0F42A /* Cards.app */,
				8C5C953D178A3E1D00A0F42A /* CardsTests.octest */,
			);
			name = Products;
			sourceTree = "<group>";
		};
		8C5C9519178A3E1D00A0F42A /* Frameworks */ = {
			isa = PBXGroup;
			children = (
				8C5C951A178A3E1D00A0F42A /* UIKit.framework */,
				8C5C951C178A3E1D00A0F42A /* Foundation.framework */,
				8C5C951E178A3E1D00A0F42A /* CoreGraphics.framework */,
				8C5C953E178A3E1D00A0F42A /* SenTestingKit.framework */,
			);
			name = Frameworks;
			sourceTree = "<group>";
		};
		8C5C9544178A3E1D00A0F42A /* CardsTests */ = {
			isa = PBXGroup;
			children = (
				8C5C954A178A3E1D00A0F42A /* CardsTests.h */,
				8C5C954B178A3E1D00A0F42A /* CardsTests.m */,
				8C5C9545178A3E1D00A0F42A /* Supporting Files */,
			);
			path = CardsTests;
			sourceTree = "<group>";
		};
		8C5C9545178A3E1D00A0F42A /* Supporting Files */ = {
			isa = PBXGroup;
			children = (
				8C5C9546178A3E1D00A0F42A /* CardsTests-Info.plist */,
				8C5C9547178A3E1D00A0F42A /* InfoPlist.strings */,
			);
			name = "Supporting Files";
			sourceTree = "<group>";
		};
		8CC5AA00178AE17E00A83391 /* Example */ = {
			isa = PBXGroup;
			children = (
				8CC5AA01178AE17E00A83391 /* AppDelegate.h */,
				8CC5AA02178AE17E00A83391 /* AppDelegate.m */,
				8CC5AA03178AE17E00A83391 /* BViewController.h */,
				8CC5AA04178AE17E00A83391 /* BViewController.m */,
				8CC5AA05178AE17E00A83391 /* BViewController.xib */,
				8CC5AA06178AE17E00A83391 /* Cards-Info.plist */,
				8CC5AA07178AE17E00A83391 /* Cards-Prefix.pch */,
				8CC5AA08178AE17E00A83391 /* Default-568h@2x.png */,
				8CC5AA09178AE17E00A83391 /* Default.png */,
				8CC5AA0A178AE17E00A83391 /* Default@2x.png */,
				8CC5AA0B178AE17E00A83391 /* InfoPlist.strings */,
				8CC5AA0D178AE17E00A83391 /* main.m */,
				8CC5AA0E178AE17E00A83391 /* SampleViewController.h */,
				8CC5AA0F178AE17E00A83391 /* SampleViewController.m */,
			);
			path = Example;
			sourceTree = "<group>";
		};
		8CC5AA1A178AE18C00A83391 /* Cards */ = {
			isa = PBXGroup;
			children = (
				8CC5AA1B178AE18C00A83391 /* JTCardLayout.h */,
				8CC5AA1C178AE18C00A83391 /* JTCardLayout.m */,
				8CC5AA1D178AE18C00A83391 /* JTCardsViewController.h */,
				8CC5AA1E178AE18C00A83391 /* JTCardsViewController.m */,
			);
			path = Cards;
			sourceTree = "<group>";
		};
/* End PBXGroup section */

/* Begin PBXNativeTarget section */
		8C5C9516178A3E1D00A0F42A /* Cards */ = {
			isa = PBXNativeTarget;
			buildConfigurationList = 8C5C954F178A3E1D00A0F42A /* Build configuration list for PBXNativeTarget "Cards" */;
			buildPhases = (
				8C5C9513178A3E1D00A0F42A /* Sources */,
				8C5C9514178A3E1D00A0F42A /* Frameworks */,
				8C5C9515178A3E1D00A0F42A /* Resources */,
			);
			buildRules = (
			);
			dependencies = (
			);
			name = Cards;
			productName = Cards;
			productReference = 8C5C9517178A3E1D00A0F42A /* Cards.app */;
			productType = "com.apple.product-type.application";
		};
		8C5C953C178A3E1D00A0F42A /* CardsTests */ = {
			isa = PBXNativeTarget;
			buildConfigurationList = 8C5C9552178A3E1D00A0F42A /* Build configuration list for PBXNativeTarget "CardsTests" */;
			buildPhases = (
				8C5C9538178A3E1D00A0F42A /* Sources */,
				8C5C9539178A3E1D00A0F42A /* Frameworks */,
				8C5C953A178A3E1D00A0F42A /* Resources */,
				8C5C953B178A3E1D00A0F42A /* ShellScript */,
			);
			buildRules = (
			);
			dependencies = (
				8C5C9543178A3E1D00A0F42A /* PBXTargetDependency */,
			);
			name = CardsTests;
			productName = CardsTests;
			productReference = 8C5C953D178A3E1D00A0F42A /* CardsTests.octest */;
			productType = "com.apple.product-type.bundle";
		};
/* End PBXNativeTarget section */

/* Begin PBXProject section */
		8C5C950F178A3E1D00A0F42A /* Project object */ = {
			isa = PBXProject;
			attributes = {
				LastUpgradeCheck = 0460;
				ORGANIZATIONNAME = jTribe;
			};
			buildConfigurationList = 8C5C9512178A3E1D00A0F42A /* Build configuration list for PBXProject "Cards" */;
			compatibilityVersion = "Xcode 3.2";
			developmentRegion = English;
			hasScannedForEncodings = 0;
			knownRegions = (
				en,
			);
			mainGroup = 8C5C950E178A3E1D00A0F42A;
			productRefGroup = 8C5C9518178A3E1D00A0F42A /* Products */;
			projectDirPath = "";
			projectRoot = "";
			targets = (
				8C5C9516178A3E1D00A0F42A /* Cards */,
				8C5C953C178A3E1D00A0F42A /* CardsTests */,
			);
		};
/* End PBXProject section */

/* Begin PBXResourcesBuildPhase section */
		8C5C9515178A3E1D00A0F42A /* Resources */ = {
			isa = PBXResourcesBuildPhase;
			buildActionMask = 2147483647;
			files = (
				8CC5AA12178AE17E00A83391 /* BViewController.xib in Resources */,
				8CC5AA14178AE17E00A83391 /* Default-568h@2x.png in Resources */,
				8CC5AA15178AE17E00A83391 /* Default.png in Resources */,
				8CC5AA16178AE17E00A83391 /* Default@2x.png in Resources */,
				8CC5AA17178AE17E00A83391 /* InfoPlist.strings in Resources */,
			);
			runOnlyForDeploymentPostprocessing = 0;
		};
		8C5C953A178A3E1D00A0F42A /* Resources */ = {
			isa = PBXResourcesBuildPhase;
			buildActionMask = 2147483647;
			files = (
				8C5C9549178A3E1D00A0F42A /* InfoPlist.strings in Resources */,
			);
			runOnlyForDeploymentPostprocessing = 0;
		};
/* End PBXResourcesBuildPhase section */

/* Begin PBXShellScriptBuildPhase section */
		8C5C953B178A3E1D00A0F42A /* ShellScript */ = {
			isa = PBXShellScriptBuildPhase;
			buildActionMask = 2147483647;
			files = (
			);
			inputPaths = (
			);
			outputPaths = (
			);
			runOnlyForDeploymentPostprocessing = 0;
			shellPath = /bin/sh;
			shellScript = "# Run the unit tests in this test bundle.\n\"${SYSTEM_DEVELOPER_DIR}/Tools/RunUnitTests\"\n";
		};
/* End PBXShellScriptBuildPhase section */

/* Begin PBXSourcesBuildPhase section */
		8C5C9513178A3E1D00A0F42A /* Sources */ = {
			isa = PBXSourcesBuildPhase;
			buildActionMask = 2147483647;
			files = (
				8CC5AA10178AE17E00A83391 /* AppDelegate.m in Sources */,
				8CC5AA11178AE17E00A83391 /* BViewController.m in Sources */,
				8CC5AA18178AE17E00A83391 /* main.m in Sources */,
				8CC5AA19178AE17E00A83391 /* SampleViewController.m in Sources */,
				8CC5AA1F178AE18C00A83391 /* JTCardLayout.m in Sources */,
				8CC5AA20178AE18C00A83391 /* JTCardsViewController.m in Sources */,
			);
			runOnlyForDeploymentPostprocessing = 0;
		};
		8C5C9538178A3E1D00A0F42A /* Sources */ = {
			isa = PBXSourcesBuildPhase;
			buildActionMask = 2147483647;
			files = (
				8C5C954C178A3E1D00A0F42A /* CardsTests.m in Sources */,
			);
			runOnlyForDeploymentPostprocessing = 0;
		};
/* End PBXSourcesBuildPhase section */

/* Begin PBXTargetDependency section */
		8C5C9543178A3E1D00A0F42A /* PBXTargetDependency */ = {
			isa = PBXTargetDependency;
			target = 8C5C9516178A3E1D00A0F42A /* Cards */;
			targetProxy = 8C5C9542178A3E1D00A0F42A /* PBXContainerItemProxy */;
		};
/* End PBXTargetDependency section */

/* Begin PBXVariantGroup section */
		8C5C9547178A3E1D00A0F42A /* InfoPlist.strings */ = {
			isa = PBXVariantGroup;
			children = (
				8C5C9548178A3E1D00A0F42A /* en */,
			);
			name = InfoPlist.strings;
			sourceTree = "<group>";
		};
		8CC5AA0B178AE17E00A83391 /* InfoPlist.strings */ = {
			isa = PBXVariantGroup;
			children = (
				8CC5AA0C178AE17E00A83391 /* en */,
			);
			name = InfoPlist.strings;
			sourceTree = "<group>";
		};
/* End PBXVariantGroup section */

/* Begin XCBuildConfiguration section */
		8C5C954D178A3E1D00A0F42A /* Debug */ = {
			isa = XCBuildConfiguration;
			buildSettings = {
				ALWAYS_SEARCH_USER_PATHS = NO;
				CLANG_CXX_LANGUAGE_STANDARD = "gnu++0x";
				CLANG_CXX_LIBRARY = "libc++";
				CLANG_ENABLE_OBJC_ARC = YES;
				CLANG_WARN_CONSTANT_CONVERSION = YES;
				CLANG_WARN_EMPTY_BODY = YES;
				CLANG_WARN_ENUM_CONVERSION = YES;
				CLANG_WARN_INT_CONVERSION = YES;
				CLANG_WARN__DUPLICATE_METHOD_MATCH = YES;
				"CODE_SIGN_IDENTITY[sdk=iphoneos*]" = "iPhone Developer";
				COPY_PHASE_STRIP = NO;
				GCC_C_LANGUAGE_STANDARD = gnu99;
				GCC_DYNAMIC_NO_PIC = NO;
				GCC_OPTIMIZATION_LEVEL = 0;
				GCC_PREPROCESSOR_DEFINITIONS = (
					"DEBUG=1",
					"$(inherited)",
				);
				GCC_SYMBOLS_PRIVATE_EXTERN = NO;
				GCC_WARN_ABOUT_RETURN_TYPE = YES;
				GCC_WARN_UNINITIALIZED_AUTOS = YES;
				GCC_WARN_UNUSED_VARIABLE = YES;
				IPHONEOS_DEPLOYMENT_TARGET = 6.1;
				ONLY_ACTIVE_ARCH = YES;
				SDKROOT = iphoneos;
			};
			name = Debug;
		};
		8C5C954E178A3E1D00A0F42A /* Release */ = {
			isa = XCBuildConfiguration;
			buildSettings = {
				ALWAYS_SEARCH_USER_PATHS = NO;
				CLANG_CXX_LANGUAGE_STANDARD = "gnu++0x";
				CLANG_CXX_LIBRARY = "libc++";
				CLANG_ENABLE_OBJC_ARC = YES;
				CLANG_WARN_CONSTANT_CONVERSION = YES;
				CLANG_WARN_EMPTY_BODY = YES;
				CLANG_WARN_ENUM_CONVERSION = YES;
				CLANG_WARN_INT_CONVERSION = YES;
				CLANG_WARN__DUPLICATE_METHOD_MATCH = YES;
				"CODE_SIGN_IDENTITY[sdk=iphoneos*]" = "iPhone Developer";
				COPY_PHASE_STRIP = YES;
				GCC_C_LANGUAGE_STANDARD = gnu99;
				GCC_WARN_ABOUT_RETURN_TYPE = YES;
				GCC_WARN_UNINITIALIZED_AUTOS = YES;
				GCC_WARN_UNUSED_VARIABLE = YES;
				IPHONEOS_DEPLOYMENT_TARGET = 6.1;
				OTHER_CFLAGS = "-DNS_BLOCK_ASSERTIONS=1";
				SDKROOT = iphoneos;
				VALIDATE_PRODUCT = YES;
			};
			name = Release;
		};
		8C5C9550178A3E1D00A0F42A /* Debug */ = {
			isa = XCBuildConfiguration;
			buildSettings = {
				GCC_PRECOMPILE_PREFIX_HEADER = YES;
				GCC_PREFIX_HEADER = "Example/Cards-Prefix.pch";
				INFOPLIST_FILE = "Example/Cards-Info.plist";
				PRODUCT_NAME = "$(TARGET_NAME)";
				WRAPPER_EXTENSION = app;
			};
			name = Debug;
		};
		8C5C9551178A3E1D00A0F42A /* Release */ = {
			isa = XCBuildConfiguration;
			buildSettings = {
				GCC_PRECOMPILE_PREFIX_HEADER = YES;
				GCC_PREFIX_HEADER = "Example/Cards-Prefix.pch";
				INFOPLIST_FILE = "Example/Cards-Info.plist";
				PRODUCT_NAME = "$(TARGET_NAME)";
				WRAPPER_EXTENSION = app;
			};
			name = Release;
		};
		8C5C9553178A3E1D00A0F42A /* Debug */ = {
			isa = XCBuildConfiguration;
			buildSettings = {
				BUNDLE_LOADER = "$(BUILT_PRODUCTS_DIR)/Cards.app/Cards";
				FRAMEWORK_SEARCH_PATHS = (
					"\"$(SDKROOT)/Developer/Library/Frameworks\"",
					"\"$(DEVELOPER_LIBRARY_DIR)/Frameworks\"",
				);
				GCC_PRECOMPILE_PREFIX_HEADER = YES;
				GCC_PREFIX_HEADER = "Cards/Cards-Prefix.pch";
				INFOPLIST_FILE = "CardsTests/CardsTests-Info.plist";
				PRODUCT_NAME = "$(TARGET_NAME)";
				TEST_HOST = "$(BUNDLE_LOADER)";
				WRAPPER_EXTENSION = octest;
			};
			name = Debug;
		};
		8C5C9554178A3E1D00A0F42A /* Release */ = {
			isa = XCBuildConfiguration;
			buildSettings = {
				BUNDLE_LOADER = "$(BUILT_PRODUCTS_DIR)/Cards.app/Cards";
				FRAMEWORK_SEARCH_PATHS = (
					"\"$(SDKROOT)/Developer/Library/Frameworks\"",
					"\"$(DEVELOPER_LIBRARY_DIR)/Frameworks\"",
				);
				GCC_PRECOMPILE_PREFIX_HEADER = YES;
				GCC_PREFIX_HEADER = "Cards/Cards-Prefix.pch";
				INFOPLIST_FILE = "CardsTests/CardsTests-Info.plist";
				PRODUCT_NAME = "$(TARGET_NAME)";
				TEST_HOST = "$(BUNDLE_LOADER)";
				WRAPPER_EXTENSION = octest;
			};
			name = Release;
		};
/* End XCBuildConfiguration section */

/* Begin XCConfigurationList section */
		8C5C9512178A3E1D00A0F42A /* Build configuration list for PBXProject "Cards" */ = {
			isa = XCConfigurationList;
			buildConfigurations = (
				8C5C954D178A3E1D00A0F42A /* Debug */,
				8C5C954E178A3E1D00A0F42A /* Release */,
			);
			defaultConfigurationIsVisible = 0;
			defaultConfigurationName = Release;
		};
		8C5C954F178A3E1D00A0F42A /* Build configuration list for PBXNativeTarget "Cards" */ = {
			isa = XCConfigurationList;
			buildConfigurations = (
				8C5C9550178A3E1D00A0F42A /* Debug */,
				8C5C9551178A3E1D00A0F42A /* Release */,
			);
			defaultConfigurationIsVisible = 0;
			defaultConfigurationName = Release;
		};
		8C5C9552178A3E1D00A0F42A /* Build configuration list for PBXNativeTarget "CardsTests" */ = {
			isa = XCConfigurationList;
			buildConfigurations = (
				8C5C9553178A3E1D00A0F42A /* Debug */,
				8C5C9554178A3E1D00A0F42A /* Release */,
			);
			defaultConfigurationIsVisible = 0;
			defaultConfigurationName = Release;
		};
/* End XCConfigurationList section */
	};
	rootObject = 8C5C950F178A3E1D00A0F42A /* Project object */;
}
